
Microsoft Visual Studio Solution File, Format Version 12.00
# Visual Studio Version 16
VisualStudioVersion = 16.0.30523.141
MinimumVisualStudioVersion = 10.0.40219.1
Project("{FAE04EC0-301F-11D3-BF4B-00C04F79EFBC}") = "wcf_calc_demo", "wcf_calc_demo\wcf_calc_demo.csproj", "{E94E50F9-3845-4FB9-B7E9-DD1F12FE14BF}"
EndProject
Project("{FAE04EC0-301F-11D3-BF4B-00C04F79EFBC}") = "ClientCalculator", "ClientCalculator\ClientCalculator.csproj", "{94425956-57E2-4B0B-8306-D54F0F6CA08B}"
	ProjectSection(ProjectDependencies) = postProject
		{E94E50F9-3845-4FB9-B7E9-DD1F12FE14BF} = {E94E50F9-3845-4FB9-B7E9-DD1F12FE14BF}
	EndProjectSection
EndProject
Project("{FAE04EC0-301F-11D3-BF4B-00C04F79EFBC}") = "ConsoleClient", "ConsoleClient\ConsoleClient.csproj", "{7379BBBF-F3D1-4B66-A328-123CB03953FD}"
	ProjectSection(ProjectDependencies) = postProject
		{E94E50F9-3845-4FB9-B7E9-DD1F12FE14BF} = {E94E50F9-3845-4FB9-B7E9-DD1F12FE14BF}
	EndProjectSection
EndProject
Global
	GlobalSection(SolutionConfigurationPlatforms) = preSolution
		Debug|Any CPU = Debug|Any CPU
		Release|Any CPU = Release|Any CPU
	EndGlobalSection
	GlobalSection(ProjectConfigurationPlatforms) = postSolution
		{E94E50F9-3845-4FB9-B7E9-DD1F12FE14BF}.Debug|Any CPU.ActiveCfg = Debug|Any CPU
		{E94E50F9-3845-4FB9-B7E9-DD1F12FE14BF}.Debug|Any CPU.Build.0 = Debug|Any CPU
		{E94E50F9-3845-4FB9-B7E9-DD1F12FE14BF}.Release|Any CPU.ActiveCfg = Release|Any CPU
		{E94E50F9-3845-4FB9-B7E9-DD1F12FE14BF}.Release|Any CPU.Build.0 = Release|Any CPU
		{94425956-57E2-4B0B-8306-D54F0F6CA08B}.Debug|Any CPU.ActiveCfg = Debug|Any CPU
		{94425956-57E2-4B0B-8306-D54F0F6CA08B}.Debug|Any CPU.Build.0 = Debug|Any CPU
		{94425956-57E2-4B0B-8306-D54F0F6CA08B}.Release|Any CPU.ActiveCfg = Release|Any CPU
		{94425956-57E2-4B0B-8306-D54F0F6CA08B}.Release|Any CPU.Build.0 = Release|Any CPU
		{7379BBBF-F3D1-4B66-A328-123CB03953FD}.Debug|Any CPU.ActiveCfg = Debug|Any CPU
		{7379BBBF-F3D1-4B66-A328-123CB03953FD}.Debug|Any CPU.Build.0 = Debug|Any CPU
		{7379BBBF-F3D1-4B66-A328-123CB03953FD}.Release|Any CPU.ActiveCfg = Release|Any CPU
		{7379BBBF-F3D1-4B66-A328-123CB03953FD}.Release|Any CPU.Build.0 = Release|Any CPU
	EndGlobalSection
	GlobalSection(SolutionProperties) = preSolution
		HideSolutionNode = FALSE
	EndGlobalSection
	GlobalSection(ExtensibilityGlobals) = postSolution
		SolutionGuid = {7457541B-654A-49BE-BE01-C2B5CC5039D4}
	EndGlobalSection
EndGlobal
